
Microsoft Visual Studio Solution File, Format Version 12.00
# Visual Studio Version 17
VisualStudioVersion = 17.5.33424.131
MinimumVisualStudioVersion = 10.0.40219.1
Project("{FAE04EC0-301F-11D3-BF4B-00C04F79EFBC}") = "ChatClient", "ChatClient.csproj", "{7D10311E-AAB2-4159-A560-A26C2D3904DB}"
EndProject
Project("{FAE04EC0-301F-11D3-BF4B-00C04F79EFBC}") = "ChatServer", "..\ChatServer\ChatServer.csproj", "{4695314B-FE82-4F2E-A26E-94C412C00392}"
EndProject
Global
	GlobalSection(SolutionConfigurationPlatforms) = preSolution
		Debug|Any CPU = Debug|Any CPU
		Release|Any CPU = Release|Any CPU
	EndGlobalSection
	GlobalSection(ProjectConfigurationPlatforms) = postSolution
		{7D10311E-AAB2-4159-A560-A26C2D3904DB}.Debug|Any CPU.ActiveCfg = Debug|Any CPU
		{7D10311E-AAB2-4159-A560-A26C2D3904DB}.Debug|Any CPU.Build.0 = Debug|Any CPU
		{7D10311E-AAB2-4159-A560-A26C2D3904DB}.Release|Any CPU.ActiveCfg = Release|Any CPU
		{7D10311E-AAB2-4159-A560-A26C2D3904DB}.Release|Any CPU.Build.0 = Release|Any CPU
		{4695314B-FE82-4F2E-A26E-94C412C00392}.Debug|Any CPU.ActiveCfg = Debug|Any CPU
		{4695314B-FE82-4F2E-A26E-94C412C00392}.Debug|Any CPU.Build.0 = Debug|Any CPU
		{4695314B-FE82-4F2E-A26E-94C412C00392}.Release|Any CPU.ActiveCfg = Release|Any CPU
		{4695314B-FE82-4F2E-A26E-94C412C00392}.Release|Any CPU.Build.0 = Release|Any CPU
	EndGlobalSection
	GlobalSection(SolutionProperties) = preSolution
		HideSolutionNode = FALSE
	EndGlobalSection
	GlobalSection(ExtensibilityGlobals) = postSolution
		SolutionGuid = {88DF3556-14B3-44AC-9D73-E778C5DE6F67}
	EndGlobalSection
EndGlobal
